
Microsoft Visual Studio Solution File, Format Version 12.00
# Visual Studio Version 16
VisualStudioVersion = 16.0.29613.14
MinimumVisualStudioVersion = 10.0.40219.1
Project("{FAE04EC0-301F-11D3-BF4B-00C04F79EFBC}") = "Sol_Demo", "Sol_Demo\Sol_Demo.csproj", "{97E46FA1-B136-4602-BC36-36E97A7D2EFB}"
EndProject
Global
	GlobalSection(SolutionConfigurationPlatforms) = preSolution
		Debug|Any CPU = Debug|Any CPU
		Release|Any CPU = Release|Any CPU
	EndGlobalSection
	GlobalSection(ProjectConfigurationPlatforms) = postSolution
		{97E46FA1-B136-4602-BC36-36E97A7D2EFB}.Debug|Any CPU.ActiveCfg = Debug|Any CPU
		{97E46FA1-B136-4602-BC36-36E97A7D2EFB}.Debug|Any CPU.Build.0 = Debug|Any CPU
		{97E46FA1-B136-4602-BC36-36E97A7D2EFB}.Release|Any CPU.ActiveCfg = Release|Any CPU
		{97E46FA1-B136-4602-BC36-36E97A7D2EFB}.Release|Any CPU.Build.0 = Release|Any CPU
	EndGlobalSection
	GlobalSection(SolutionProperties) = preSolution
		HideSolutionNode = FALSE
	EndGlobalSection
	GlobalSection(ExtensibilityGlobals) = postSolution
		SolutionGuid = {4333F933-BEB4-4AE8-9E33-380728770E54}
	EndGlobalSection
EndGlobal
